// !$*UTF8*$!
{
	archiveVersion = 1;
	classes = {
	};
	objectVersion = 56;
	objects = {

/* Begin PBXBuildFile section */
		2101AC542B9786D4009C6EBF /* AppDelegate.swift in Sources */ = {isa = PBXBuildFile; fileRef = 2101AC532B9786D4009C6EBF /* AppDelegate.swift */; };
		2101AC562B9786D4009C6EBF /* SceneDelegate.swift in Sources */ = {isa = PBXBuildFile; fileRef = 2101AC552B9786D4009C6EBF /* SceneDelegate.swift */; };
		2101AC5D2B9786D6009C6EBF /* Assets.xcassets in Resources */ = {isa = PBXBuildFile; fileRef = 2101AC5C2B9786D6009C6EBF /* Assets.xcassets */; };
		2101AC602B9786D6009C6EBF /* LaunchScreen.storyboard in Resources */ = {isa = PBXBuildFile; fileRef = 2101AC5E2B9786D6009C6EBF /* LaunchScreen.storyboard */; };
		2101AC6D2B978A06009C6EBF /* Localizable.xcstrings in Resources */ = {isa = PBXBuildFile; fileRef = 2101AC6C2B978A06009C6EBF /* Localizable.xcstrings */; };
		2101AC702B978CB7009C6EBF /* XCAssets+Generated.swift in Sources */ = {isa = PBXBuildFile; fileRef = 2101AC6F2B978CB7009C6EBF /* XCAssets+Generated.swift */; };
		2101AC732B979587009C6EBF /* SwiftGenTemplate.stencil in Resources */ = {isa = PBXBuildFile; fileRef = 2101AC722B979587009C6EBF /* SwiftGenTemplate.stencil */; };
		2101AC762B9798E8009C6EBF /* Coordinator.swift in Sources */ = {isa = PBXBuildFile; fileRef = 2101AC752B9798E8009C6EBF /* Coordinator.swift */; };
		2101AC782B979914009C6EBF /* AppCoordinator.swift in Sources */ = {isa = PBXBuildFile; fileRef = 2101AC772B979914009C6EBF /* AppCoordinator.swift */; };
		2101AC7C2B979A1C009C6EBF /* Injected.swift in Sources */ = {isa = PBXBuildFile; fileRef = 2101AC7B2B979A1C009C6EBF /* Injected.swift */; };
		2101AC7E2B979A30009C6EBF /* DependencyContainer.swift in Sources */ = {isa = PBXBuildFile; fileRef = 2101AC7D2B979A30009C6EBF /* DependencyContainer.swift */; };
		2101AC822B979BC2009C6EBF /* LoginCoordinator.swift in Sources */ = {isa = PBXBuildFile; fileRef = 2101AC812B979BC2009C6EBF /* LoginCoordinator.swift */; };
		2101AC842B979C89009C6EBF /* LoginViewController.swift in Sources */ = {isa = PBXBuildFile; fileRef = 2101AC832B979C89009C6EBF /* LoginViewController.swift */; };
		2101AC872B979CC5009C6EBF /* CoordinatorFactory.swift in Sources */ = {isa = PBXBuildFile; fileRef = 2101AC862B979CC5009C6EBF /* CoordinatorFactory.swift */; };
		2101AC892B979CF0009C6EBF /* DefaultCoordinatorFactory.swift in Sources */ = {isa = PBXBuildFile; fileRef = 2101AC882B979CF0009C6EBF /* DefaultCoordinatorFactory.swift */; };
		2101AC8C2B979D2B009C6EBF /* ViewControllerFactory.swift in Sources */ = {isa = PBXBuildFile; fileRef = 2101AC8B2B979D2B009C6EBF /* ViewControllerFactory.swift */; };
		2101AC8E2B979D4C009C6EBF /* DefaultViewControllerFactory.swift in Sources */ = {isa = PBXBuildFile; fileRef = 2101AC8D2B979D4C009C6EBF /* DefaultViewControllerFactory.swift */; };
		2101AC912B979F0A009C6EBF /* Store.swift in Sources */ = {isa = PBXBuildFile; fileRef = 2101AC902B979F0A009C6EBF /* Store.swift */; };
		2101AC932B979F9E009C6EBF /* AppState.swift in Sources */ = {isa = PBXBuildFile; fileRef = 2101AC922B979F9E009C6EBF /* AppState.swift */; };
		2101AC952B979FBF009C6EBF /* AppAction.swift in Sources */ = {isa = PBXBuildFile; fileRef = 2101AC942B979FBF009C6EBF /* AppAction.swift */; };
		2101AC972B97A026009C6EBF /* AppReducer.swift in Sources */ = {isa = PBXBuildFile; fileRef = 2101AC962B97A026009C6EBF /* AppReducer.swift */; };
		2101AC9C2B97A2CF009C6EBF /* UserState.swift in Sources */ = {isa = PBXBuildFile; fileRef = 2101AC9B2B97A2CF009C6EBF /* UserState.swift */; };
		2101AC9F2B97A2F6009C6EBF /* User.swift in Sources */ = {isa = PBXBuildFile; fileRef = 2101AC9E2B97A2F6009C6EBF /* User.swift */; };
		2101ACA12B97A4B2009C6EBF /* UserReducer.swift in Sources */ = {isa = PBXBuildFile; fileRef = 2101ACA02B97A4B2009C6EBF /* UserReducer.swift */; };
		2101ACA32B97A4D5009C6EBF /* UserAction.swift in Sources */ = {isa = PBXBuildFile; fileRef = 2101ACA22B97A4D5009C6EBF /* UserAction.swift */; };
		2101ACA52B97A54C009C6EBF /* UserMiddleware.swift in Sources */ = {isa = PBXBuildFile; fileRef = 2101ACA42B97A54C009C6EBF /* UserMiddleware.swift */; };
		2101ACA92B97A5AA009C6EBF /* UserErrors.swift in Sources */ = {isa = PBXBuildFile; fileRef = 2101ACA82B97A5AA009C6EBF /* UserErrors.swift */; };
		2101ACAD2B97A755009C6EBF /* UserService.swift in Sources */ = {isa = PBXBuildFile; fileRef = 2101ACAC2B97A755009C6EBF /* UserService.swift */; };
		2101ACAF2B97A78E009C6EBF /* DefaultUserService.swift in Sources */ = {isa = PBXBuildFile; fileRef = 2101ACAE2B97A78E009C6EBF /* DefaultUserService.swift */; };
		2101ACB12B97A843009C6EBF /* CredentialsValidating.swift in Sources */ = {isa = PBXBuildFile; fileRef = 2101ACB02B97A843009C6EBF /* CredentialsValidating.swift */; };
		2101ACB42B97A977009C6EBF /* MainTabBarCoordinator.swift in Sources */ = {isa = PBXBuildFile; fileRef = 2101ACB32B97A977009C6EBF /* MainTabBarCoordinator.swift */; };
		2101ACB62B97A9D9009C6EBF /* TabBarPage.swift in Sources */ = {isa = PBXBuildFile; fileRef = 2101ACB52B97A9D9009C6EBF /* TabBarPage.swift */; };
		2101ACB92B97AA22009C6EBF /* HomeCoordinator.swift in Sources */ = {isa = PBXBuildFile; fileRef = 2101ACB82B97AA22009C6EBF /* HomeCoordinator.swift */; };
		2101ACBB2B97AA33009C6EBF /* HomeViewController.swift in Sources */ = {isa = PBXBuildFile; fileRef = 2101ACBA2B97AA33009C6EBF /* HomeViewController.swift */; };
		2101ACBE2B97AACE009C6EBF /* SearchCoordinator.swift in Sources */ = {isa = PBXBuildFile; fileRef = 2101ACBD2B97AACE009C6EBF /* SearchCoordinator.swift */; };
		2101ACC02B97AAEC009C6EBF /* SearchViewController.swift in Sources */ = {isa = PBXBuildFile; fileRef = 2101ACBF2B97AAEC009C6EBF /* SearchViewController.swift */; };
		2101ACC32B97AB52009C6EBF /* WishlistCoordinator.swift in Sources */ = {isa = PBXBuildFile; fileRef = 2101ACC22B97AB52009C6EBF /* WishlistCoordinator.swift */; };
		2101ACC52B97AB93009C6EBF /* WishlistViewController.swift in Sources */ = {isa = PBXBuildFile; fileRef = 2101ACC42B97AB93009C6EBF /* WishlistViewController.swift */; };
		2101ACC82B97ABE9009C6EBF /* CartController.swift in Sources */ = {isa = PBXBuildFile; fileRef = 2101ACC72B97ABE9009C6EBF /* CartController.swift */; };
		2101ACCA2B97AC09009C6EBF /* CartViewController.swift in Sources */ = {isa = PBXBuildFile; fileRef = 2101ACC92B97AC08009C6EBF /* CartViewController.swift */; };
		2101ACCD2B97AC33009C6EBF /* ProfileCoordinator.swift in Sources */ = {isa = PBXBuildFile; fileRef = 2101ACCC2B97AC33009C6EBF /* ProfileCoordinator.swift */; };
		2101ACCF2B97AC63009C6EBF /* ProfileViewController.swift in Sources */ = {isa = PBXBuildFile; fileRef = 2101ACCE2B97AC63009C6EBF /* ProfileViewController.swift */; };
		219592852B98B99E003BB89C /* Colors.xcassets in Resources */ = {isa = PBXBuildFile; fileRef = 219592842B98B99E003BB89C /* Colors.xcassets */; };
		219592872B98BB17003BB89C /* CredentialsTextField.swift in Sources */ = {isa = PBXBuildFile; fileRef = 219592862B98BB17003BB89C /* CredentialsTextField.swift */; };
		219592892B98E19A003BB89C /* SignInButton.swift in Sources */ = {isa = PBXBuildFile; fileRef = 219592882B98E19A003BB89C /* SignInButton.swift */; };
		2195928B2B98EA0A003BB89C /* UIFont+systemFontWithDesign.swift in Sources */ = {isa = PBXBuildFile; fileRef = 2195928A2B98EA0A003BB89C /* UIFont+systemFontWithDesign.swift */; };
		2195928D2B98EBB8003BB89C /* TitleLabel.swift in Sources */ = {isa = PBXBuildFile; fileRef = 2195928C2B98EBB8003BB89C /* TitleLabel.swift */; };
		2195928F2B98F62B003BB89C /* EmailAndPasswordStackView.swift in Sources */ = {isa = PBXBuildFile; fileRef = 2195928E2B98F62B003BB89C /* EmailAndPasswordStackView.swift */; };
		219592912B990DA2003BB89C /* UIImage+systemImageWithColor.swift in Sources */ = {isa = PBXBuildFile; fileRef = 219592902B990DA2003BB89C /* UIImage+systemImageWithColor.swift */; };
/* End PBXBuildFile section */

/* Begin PBXFileReference section */
		2101AC502B9786D4009C6EBF /* Market.app */ = {isa = PBXFileReference; explicitFileType = wrapper.application; includeInIndex = 0; path = Market.app; sourceTree = BUILT_PRODUCTS_DIR; };
		2101AC532B9786D4009C6EBF /* AppDelegate.swift */ = {isa = PBXFileReference; lastKnownFileType = sourcecode.swift; path = AppDelegate.swift; sourceTree = "<group>"; };
		2101AC552B9786D4009C6EBF /* SceneDelegate.swift */ = {isa = PBXFileReference; lastKnownFileType = sourcecode.swift; path = SceneDelegate.swift; sourceTree = "<group>"; };
		2101AC5C2B9786D6009C6EBF /* Assets.xcassets */ = {isa = PBXFileReference; lastKnownFileType = folder.assetcatalog; path = Assets.xcassets; sourceTree = "<group>"; };
		2101AC5F2B9786D6009C6EBF /* Base */ = {isa = PBXFileReference; lastKnownFileType = file.storyboard; name = Base; path = Base.lproj/LaunchScreen.storyboard; sourceTree = "<group>"; };
		2101AC612B9786D6009C6EBF /* Info.plist */ = {isa = PBXFileReference; lastKnownFileType = text.plist.xml; path = Info.plist; sourceTree = "<group>"; };
		2101AC6C2B978A06009C6EBF /* Localizable.xcstrings */ = {isa = PBXFileReference; lastKnownFileType = text.json.xcstrings; path = Localizable.xcstrings; sourceTree = "<group>"; };
		2101AC6F2B978CB7009C6EBF /* XCAssets+Generated.swift */ = {isa = PBXFileReference; fileEncoding = 4; lastKnownFileType = sourcecode.swift; path = "XCAssets+Generated.swift"; sourceTree = "<group>"; };
		2101AC722B979587009C6EBF /* SwiftGenTemplate.stencil */ = {isa = PBXFileReference; fileEncoding = 4; lastKnownFileType = text; path = SwiftGenTemplate.stencil; sourceTree = "<group>"; };
		2101AC752B9798E8009C6EBF /* Coordinator.swift */ = {isa = PBXFileReference; lastKnownFileType = sourcecode.swift; path = Coordinator.swift; sourceTree = "<group>"; };
		2101AC772B979914009C6EBF /* AppCoordinator.swift */ = {isa = PBXFileReference; lastKnownFileType = sourcecode.swift; path = AppCoordinator.swift; sourceTree = "<group>"; };
		2101AC7B2B979A1C009C6EBF /* Injected.swift */ = {isa = PBXFileReference; lastKnownFileType = sourcecode.swift; path = Injected.swift; sourceTree = "<group>"; };
		2101AC7D2B979A30009C6EBF /* DependencyContainer.swift */ = {isa = PBXFileReference; lastKnownFileType = sourcecode.swift; path = DependencyContainer.swift; sourceTree = "<group>"; };
		2101AC812B979BC2009C6EBF /* LoginCoordinator.swift */ = {isa = PBXFileReference; lastKnownFileType = sourcecode.swift; path = LoginCoordinator.swift; sourceTree = "<group>"; };
		2101AC832B979C89009C6EBF /* LoginViewController.swift */ = {isa = PBXFileReference; lastKnownFileType = sourcecode.swift; path = LoginViewController.swift; sourceTree = "<group>"; };
		2101AC862B979CC5009C6EBF /* CoordinatorFactory.swift */ = {isa = PBXFileReference; lastKnownFileType = sourcecode.swift; path = CoordinatorFactory.swift; sourceTree = "<group>"; };
		2101AC882B979CF0009C6EBF /* DefaultCoordinatorFactory.swift */ = {isa = PBXFileReference; lastKnownFileType = sourcecode.swift; path = DefaultCoordinatorFactory.swift; sourceTree = "<group>"; };
		2101AC8B2B979D2B009C6EBF /* ViewControllerFactory.swift */ = {isa = PBXFileReference; lastKnownFileType = sourcecode.swift; path = ViewControllerFactory.swift; sourceTree = "<group>"; };
		2101AC8D2B979D4C009C6EBF /* DefaultViewControllerFactory.swift */ = {isa = PBXFileReference; lastKnownFileType = sourcecode.swift; path = DefaultViewControllerFactory.swift; sourceTree = "<group>"; };
		2101AC902B979F0A009C6EBF /* Store.swift */ = {isa = PBXFileReference; lastKnownFileType = sourcecode.swift; path = Store.swift; sourceTree = "<group>"; };
		2101AC922B979F9E009C6EBF /* AppState.swift */ = {isa = PBXFileReference; lastKnownFileType = sourcecode.swift; path = AppState.swift; sourceTree = "<group>"; };
		2101AC942B979FBF009C6EBF /* AppAction.swift */ = {isa = PBXFileReference; lastKnownFileType = sourcecode.swift; path = AppAction.swift; sourceTree = "<group>"; };
		2101AC962B97A026009C6EBF /* AppReducer.swift */ = {isa = PBXFileReference; lastKnownFileType = sourcecode.swift; path = AppReducer.swift; sourceTree = "<group>"; };
		2101AC9B2B97A2CF009C6EBF /* UserState.swift */ = {isa = PBXFileReference; lastKnownFileType = sourcecode.swift; path = UserState.swift; sourceTree = "<group>"; };
		2101AC9E2B97A2F6009C6EBF /* User.swift */ = {isa = PBXFileReference; lastKnownFileType = sourcecode.swift; path = User.swift; sourceTree = "<group>"; };
		2101ACA02B97A4B2009C6EBF /* UserReducer.swift */ = {isa = PBXFileReference; lastKnownFileType = sourcecode.swift; path = UserReducer.swift; sourceTree = "<group>"; };
		2101ACA22B97A4D5009C6EBF /* UserAction.swift */ = {isa = PBXFileReference; lastKnownFileType = sourcecode.swift; path = UserAction.swift; sourceTree = "<group>"; };
		2101ACA42B97A54C009C6EBF /* UserMiddleware.swift */ = {isa = PBXFileReference; lastKnownFileType = sourcecode.swift; path = UserMiddleware.swift; sourceTree = "<group>"; };
		2101ACA82B97A5AA009C6EBF /* UserErrors.swift */ = {isa = PBXFileReference; lastKnownFileType = sourcecode.swift; path = UserErrors.swift; sourceTree = "<group>"; };
		2101ACAC2B97A755009C6EBF /* UserService.swift */ = {isa = PBXFileReference; lastKnownFileType = sourcecode.swift; path = UserService.swift; sourceTree = "<group>"; };
		2101ACAE2B97A78E009C6EBF /* DefaultUserService.swift */ = {isa = PBXFileReference; lastKnownFileType = sourcecode.swift; path = DefaultUserService.swift; sourceTree = "<group>"; };
		2101ACB02B97A843009C6EBF /* CredentialsValidating.swift */ = {isa = PBXFileReference; lastKnownFileType = sourcecode.swift; path = CredentialsValidating.swift; sourceTree = "<group>"; };
		2101ACB32B97A977009C6EBF /* MainTabBarCoordinator.swift */ = {isa = PBXFileReference; lastKnownFileType = sourcecode.swift; path = MainTabBarCoordinator.swift; sourceTree = "<group>"; };
		2101ACB52B97A9D9009C6EBF /* TabBarPage.swift */ = {isa = PBXFileReference; lastKnownFileType = sourcecode.swift; path = TabBarPage.swift; sourceTree = "<group>"; };
		2101ACB82B97AA22009C6EBF /* HomeCoordinator.swift */ = {isa = PBXFileReference; lastKnownFileType = sourcecode.swift; path = HomeCoordinator.swift; sourceTree = "<group>"; };
		2101ACBA2B97AA33009C6EBF /* HomeViewController.swift */ = {isa = PBXFileReference; lastKnownFileType = sourcecode.swift; path = HomeViewController.swift; sourceTree = "<group>"; };
		2101ACBD2B97AACE009C6EBF /* SearchCoordinator.swift */ = {isa = PBXFileReference; lastKnownFileType = sourcecode.swift; path = SearchCoordinator.swift; sourceTree = "<group>"; };
		2101ACBF2B97AAEC009C6EBF /* SearchViewController.swift */ = {isa = PBXFileReference; lastKnownFileType = sourcecode.swift; path = SearchViewController.swift; sourceTree = "<group>"; };
		2101ACC22B97AB52009C6EBF /* WishlistCoordinator.swift */ = {isa = PBXFileReference; lastKnownFileType = sourcecode.swift; path = WishlistCoordinator.swift; sourceTree = "<group>"; };
		2101ACC42B97AB93009C6EBF /* WishlistViewController.swift */ = {isa = PBXFileReference; lastKnownFileType = sourcecode.swift; path = WishlistViewController.swift; sourceTree = "<group>"; };
		2101ACC72B97ABE9009C6EBF /* CartController.swift */ = {isa = PBXFileReference; lastKnownFileType = sourcecode.swift; path = CartController.swift; sourceTree = "<group>"; };
		2101ACC92B97AC08009C6EBF /* CartViewController.swift */ = {isa = PBXFileReference; lastKnownFileType = sourcecode.swift; path = CartViewController.swift; sourceTree = "<group>"; };
		2101ACCC2B97AC33009C6EBF /* ProfileCoordinator.swift */ = {isa = PBXFileReference; lastKnownFileType = sourcecode.swift; path = ProfileCoordinator.swift; sourceTree = "<group>"; };
		2101ACCE2B97AC63009C6EBF /* ProfileViewController.swift */ = {isa = PBXFileReference; lastKnownFileType = sourcecode.swift; path = ProfileViewController.swift; sourceTree = "<group>"; };
		219592842B98B99E003BB89C /* Colors.xcassets */ = {isa = PBXFileReference; lastKnownFileType = folder.assetcatalog; path = Colors.xcassets; sourceTree = "<group>"; };
		219592862B98BB17003BB89C /* CredentialsTextField.swift */ = {isa = PBXFileReference; lastKnownFileType = sourcecode.swift; path = CredentialsTextField.swift; sourceTree = "<group>"; };
		219592882B98E19A003BB89C /* SignInButton.swift */ = {isa = PBXFileReference; lastKnownFileType = sourcecode.swift; path = SignInButton.swift; sourceTree = "<group>"; };
		2195928A2B98EA0A003BB89C /* UIFont+systemFontWithDesign.swift */ = {isa = PBXFileReference; lastKnownFileType = sourcecode.swift; path = "UIFont+systemFontWithDesign.swift"; sourceTree = "<group>"; };
		2195928C2B98EBB8003BB89C /* TitleLabel.swift */ = {isa = PBXFileReference; lastKnownFileType = sourcecode.swift; path = TitleLabel.swift; sourceTree = "<group>"; };
		2195928E2B98F62B003BB89C /* EmailAndPasswordStackView.swift */ = {isa = PBXFileReference; lastKnownFileType = sourcecode.swift; path = EmailAndPasswordStackView.swift; sourceTree = "<group>"; };
		219592902B990DA2003BB89C /* UIImage+systemImageWithColor.swift */ = {isa = PBXFileReference; lastKnownFileType = sourcecode.swift; path = "UIImage+systemImageWithColor.swift"; sourceTree = "<group>"; };
/* End PBXFileReference section */

/* Begin PBXFrameworksBuildPhase section */
		2101AC4D2B9786D4009C6EBF /* Frameworks */ = {
			isa = PBXFrameworksBuildPhase;
			buildActionMask = 2147483647;
			files = (
			);
			runOnlyForDeploymentPostprocessing = 0;
		};
/* End PBXFrameworksBuildPhase section */

/* Begin PBXGroup section */
		2101AC472B9786D4009C6EBF = {
			isa = PBXGroup;
			children = (
				2101AC522B9786D4009C6EBF /* Market */,
				2101AC512B9786D4009C6EBF /* Products */,
			);
			sourceTree = "<group>";
		};
		2101AC512B9786D4009C6EBF /* Products */ = {
			isa = PBXGroup;
			children = (
				2101AC502B9786D4009C6EBF /* Market.app */,
			);
			name = Products;
			sourceTree = "<group>";
		};
		2101AC522B9786D4009C6EBF /* Market */ = {
			isa = PBXGroup;
			children = (
				2101AC6B2B9789F2009C6EBF /* App */,
				2101AC7F2B979BAA009C6EBF /* Scenes */,
				2101AC9D2B97A2E6009C6EBF /* Models */,
				2101AC792B9799BF009C6EBF /* Coordinator */,
				2101AC7A2B9799F8009C6EBF /* DependencyInjection */,
				219592812B98B2FB003BB89C /* Extensions */,
				2101AC692B9789D0009C6EBF /* Resources */,
				2101AC6E2B978A48009C6EBF /* Generated */,
				2101AC6A2B9789E1009C6EBF /* SupportingFiles */,
			);
			path = Market;
			sourceTree = "<group>";
		};
		2101AC692B9789D0009C6EBF /* Resources */ = {
			isa = PBXGroup;
			children = (
				2101AC5C2B9786D6009C6EBF /* Assets.xcassets */,
				219592842B98B99E003BB89C /* Colors.xcassets */,
				2101AC6C2B978A06009C6EBF /* Localizable.xcstrings */,
			);
			path = Resources;
			sourceTree = "<group>";
		};
		2101AC6A2B9789E1009C6EBF /* SupportingFiles */ = {
			isa = PBXGroup;
			children = (
				2101AC612B9786D6009C6EBF /* Info.plist */,
				2101AC5E2B9786D6009C6EBF /* LaunchScreen.storyboard */,
			);
			path = SupportingFiles;
			sourceTree = "<group>";
		};
		2101AC6B2B9789F2009C6EBF /* App */ = {
			isa = PBXGroup;
			children = (
				2101AC532B9786D4009C6EBF /* AppDelegate.swift */,
				2101AC552B9786D4009C6EBF /* SceneDelegate.swift */,
				2101AC772B979914009C6EBF /* AppCoordinator.swift */,
				2101AC982B97A062009C6EBF /* Redux */,
			);
			path = App;
			sourceTree = "<group>";
		};
		2101AC6E2B978A48009C6EBF /* Generated */ = {
			isa = PBXGroup;
			children = (
				2101AC6F2B978CB7009C6EBF /* XCAssets+Generated.swift */,
				2101AC712B979562009C6EBF /* Templates */,
			);
			path = Generated;
			sourceTree = "<group>";
		};
		2101AC712B979562009C6EBF /* Templates */ = {
			isa = PBXGroup;
			children = (
				2101AC722B979587009C6EBF /* SwiftGenTemplate.stencil */,
			);
			path = Templates;
			sourceTree = "<group>";
		};
		2101AC792B9799BF009C6EBF /* Coordinator */ = {
			isa = PBXGroup;
			children = (
				2101AC752B9798E8009C6EBF /* Coordinator.swift */,
			);
			path = Coordinator;
			sourceTree = "<group>";
		};
		2101AC7A2B9799F8009C6EBF /* DependencyInjection */ = {
			isa = PBXGroup;
			children = (
				2101AC7B2B979A1C009C6EBF /* Injected.swift */,
				2101AC7D2B979A30009C6EBF /* DependencyContainer.swift */,
				2101AC852B979CA7009C6EBF /* CoordinatorFactory */,
				2101AC8A2B979D1B009C6EBF /* ViewControllerFactory */,
			);
			path = DependencyInjection;
			sourceTree = "<group>";
		};
		2101AC7F2B979BAA009C6EBF /* Scenes */ = {
			isa = PBXGroup;
			children = (
				2101ACB22B97A958009C6EBF /* Main */,
				2101AC802B979BB6009C6EBF /* Login */,
			);
			path = Scenes;
			sourceTree = "<group>";
		};
		2101AC802B979BB6009C6EBF /* Login */ = {
			isa = PBXGroup;
			children = (
				2101AC812B979BC2009C6EBF /* LoginCoordinator.swift */,
				2101AC832B979C89009C6EBF /* LoginViewController.swift */,
				219592922B9A45FB003BB89C /* CustomElements */,
				2101AC9A2B97A2BF009C6EBF /* Redux */,
			);
			path = Login;
			sourceTree = "<group>";
		};
		2101AC852B979CA7009C6EBF /* CoordinatorFactory */ = {
			isa = PBXGroup;
			children = (
				2101AC862B979CC5009C6EBF /* CoordinatorFactory.swift */,
				2101AC882B979CF0009C6EBF /* DefaultCoordinatorFactory.swift */,
			);
			path = CoordinatorFactory;
			sourceTree = "<group>";
		};
		2101AC8A2B979D1B009C6EBF /* ViewControllerFactory */ = {
			isa = PBXGroup;
			children = (
				2101AC8B2B979D2B009C6EBF /* ViewControllerFactory.swift */,
				2101AC8D2B979D4C009C6EBF /* DefaultViewControllerFactory.swift */,
			);
			path = ViewControllerFactory;
			sourceTree = "<group>";
		};
		2101AC982B97A062009C6EBF /* Redux */ = {
			isa = PBXGroup;
			children = (
				2101AC922B979F9E009C6EBF /* AppState.swift */,
				2101AC942B979FBF009C6EBF /* AppAction.swift */,
				2101AC962B97A026009C6EBF /* AppReducer.swift */,
				2101AC902B979F0A009C6EBF /* Store.swift */,
			);
			path = Redux;
			sourceTree = "<group>";
		};
		2101AC9A2B97A2BF009C6EBF /* Redux */ = {
			isa = PBXGroup;
			children = (
				2101AC9B2B97A2CF009C6EBF /* UserState.swift */,
				2101ACA22B97A4D5009C6EBF /* UserAction.swift */,
				2101ACA02B97A4B2009C6EBF /* UserReducer.swift */,
				2101ACA42B97A54C009C6EBF /* UserMiddleware.swift */,
				2101ACAB2B97A718009C6EBF /* UserService */,
			);
			path = Redux;
			sourceTree = "<group>";
		};
		2101AC9D2B97A2E6009C6EBF /* Models */ = {
			isa = PBXGroup;
			children = (
				2101AC9E2B97A2F6009C6EBF /* User.swift */,
			);
			path = Models;
			sourceTree = "<group>";
		};
		2101ACAB2B97A718009C6EBF /* UserService */ = {
			isa = PBXGroup;
			children = (
				2101ACA82B97A5AA009C6EBF /* UserErrors.swift */,
				2101ACAC2B97A755009C6EBF /* UserService.swift */,
				2101ACAE2B97A78E009C6EBF /* DefaultUserService.swift */,
				2101ACB02B97A843009C6EBF /* CredentialsValidating.swift */,
			);
			path = UserService;
			sourceTree = "<group>";
		};
		2101ACB22B97A958009C6EBF /* Main */ = {
			isa = PBXGroup;
			children = (
				2101ACB32B97A977009C6EBF /* MainTabBarCoordinator.swift */,
				2101ACB52B97A9D9009C6EBF /* TabBarPage.swift */,
				2101ACB72B97AA16009C6EBF /* Home */,
				2101ACBC2B97AAB4009C6EBF /* Search */,
				2101ACC12B97AB42009C6EBF /* Wishlist */,
				2101ACC62B97ABD7009C6EBF /* Cart */,
				2101ACCB2B97AC27009C6EBF /* Profile */,
			);
			path = Main;
			sourceTree = "<group>";
		};
		2101ACB72B97AA16009C6EBF /* Home */ = {
			isa = PBXGroup;
			children = (
				2101ACB82B97AA22009C6EBF /* HomeCoordinator.swift */,
				2101ACBA2B97AA33009C6EBF /* HomeViewController.swift */,
			);
			path = Home;
			sourceTree = "<group>";
		};
		2101ACBC2B97AAB4009C6EBF /* Search */ = {
			isa = PBXGroup;
			children = (
				2101ACBD2B97AACE009C6EBF /* SearchCoordinator.swift */,
				2101ACBF2B97AAEC009C6EBF /* SearchViewController.swift */,
			);
			path = Search;
			sourceTree = "<group>";
		};
		2101ACC12B97AB42009C6EBF /* Wishlist */ = {
			isa = PBXGroup;
			children = (
				2101ACC22B97AB52009C6EBF /* WishlistCoordinator.swift */,
				2101ACC42B97AB93009C6EBF /* WishlistViewController.swift */,
			);
			path = Wishlist;
			sourceTree = "<group>";
		};
		2101ACC62B97ABD7009C6EBF /* Cart */ = {
			isa = PBXGroup;
			children = (
				2101ACC72B97ABE9009C6EBF /* CartController.swift */,
				2101ACC92B97AC08009C6EBF /* CartViewController.swift */,
			);
			path = Cart;
			sourceTree = "<group>";
		};
		2101ACCB2B97AC27009C6EBF /* Profile */ = {
			isa = PBXGroup;
			children = (
				2101ACCC2B97AC33009C6EBF /* ProfileCoordinator.swift */,
				2101ACCE2B97AC63009C6EBF /* ProfileViewController.swift */,
			);
			path = Profile;
			sourceTree = "<group>";
		};
		219592812B98B2FB003BB89C /* Extensions */ = {
			isa = PBXGroup;
			children = (
				2195928A2B98EA0A003BB89C /* UIFont+systemFontWithDesign.swift */,
				219592902B990DA2003BB89C /* UIImage+systemImageWithColor.swift */,
			);
			path = Extensions;
			sourceTree = "<group>";
		};
		219592922B9A45FB003BB89C /* CustomElements */ = {
			isa = PBXGroup;
			children = (
				2195928E2B98F62B003BB89C /* EmailAndPasswordStackView.swift */,
				2195928C2B98EBB8003BB89C /* TitleLabel.swift */,
				219592882B98E19A003BB89C /* SignInButton.swift */,
				219592862B98BB17003BB89C /* CredentialsTextField.swift */,
			);
			path = CustomElements;
			sourceTree = "<group>";
		};
/* End PBXGroup section */

/* Begin PBXNativeTarget section */
		2101AC4F2B9786D4009C6EBF /* Market */ = {
			isa = PBXNativeTarget;
			buildConfigurationList = 2101AC642B9786D6009C6EBF /* Build configuration list for PBXNativeTarget "Market" */;
			buildPhases = (
				2101AC682B9787AB009C6EBF /* SwiftGen */,
				2101AC4C2B9786D4009C6EBF /* Sources */,
				2101AC4D2B9786D4009C6EBF /* Frameworks */,
				2101AC4E2B9786D4009C6EBF /* Resources */,
				2101AC672B978788009C6EBF /* SwiftLint */,
			);
			buildRules = (
			);
			dependencies = (
			);
			name = Market;
			productName = Market;
			productReference = 2101AC502B9786D4009C6EBF /* Market.app */;
			productType = "com.apple.product-type.application";
		};
/* End PBXNativeTarget section */

/* Begin PBXProject section */
		2101AC482B9786D4009C6EBF /* Project object */ = {
			isa = PBXProject;
			attributes = {
				BuildIndependentTargetsInParallel = 1;
				LastSwiftUpdateCheck = 1520;
				LastUpgradeCheck = 1520;
				TargetAttributes = {
					2101AC4F2B9786D4009C6EBF = {
						CreatedOnToolsVersion = 15.2;
					};
				};
			};
			buildConfigurationList = 2101AC4B2B9786D4009C6EBF /* Build configuration list for PBXProject "Market" */;
			compatibilityVersion = "Xcode 14.0";
			developmentRegion = en;
			hasScannedForEncodings = 0;
			knownRegions = (
				en,
				Base,
				ru,
			);
			mainGroup = 2101AC472B9786D4009C6EBF;
			productRefGroup = 2101AC512B9786D4009C6EBF /* Products */;
			projectDirPath = "";
			projectRoot = "";
			targets = (
				2101AC4F2B9786D4009C6EBF /* Market */,
			);
		};
/* End PBXProject section */

/* Begin PBXResourcesBuildPhase section */
		2101AC4E2B9786D4009C6EBF /* Resources */ = {
			isa = PBXResourcesBuildPhase;
			buildActionMask = 2147483647;
			files = (
				219592852B98B99E003BB89C /* Colors.xcassets in Resources */,
				2101AC602B9786D6009C6EBF /* LaunchScreen.storyboard in Resources */,
				2101AC5D2B9786D6009C6EBF /* Assets.xcassets in Resources */,
				2101AC6D2B978A06009C6EBF /* Localizable.xcstrings in Resources */,
				2101AC732B979587009C6EBF /* SwiftGenTemplate.stencil in Resources */,
			);
			runOnlyForDeploymentPostprocessing = 0;
		};
/* End PBXResourcesBuildPhase section */

/* Begin PBXShellScriptBuildPhase section */
		2101AC672B978788009C6EBF /* SwiftLint */ = {
			isa = PBXShellScriptBuildPhase;
			alwaysOutOfDate = 1;
			buildActionMask = 2147483647;
			files = (
			);
			inputFileListPaths = (
			);
			inputPaths = (
			);
			name = SwiftLint;
			outputFileListPaths = (
			);
			outputPaths = (
			);
			runOnlyForDeploymentPostprocessing = 0;
			shellPath = /bin/sh;
			shellScript = "if [[ \"$(uname -m)\" == arm64 ]]; then\n    export PATH=\"/opt/homebrew/bin:$PATH\"\nfi\n\nif which swiftlint > /dev/null; then\n  swiftlint\nelse\n  echo \"warning: SwiftLint not installed, download from https://github.com/realm/SwiftLint\"\nfi\n";
			showEnvVarsInLog = 0;
		};
		2101AC682B9787AB009C6EBF /* SwiftGen */ = {
			isa = PBXShellScriptBuildPhase;
			alwaysOutOfDate = 1;
			buildActionMask = 2147483647;
			files = (
			);
			inputFileListPaths = (
			);
			inputPaths = (
			);
			name = SwiftGen;
			outputFileListPaths = (
			);
			outputPaths = (
			);
			runOnlyForDeploymentPostprocessing = 0;
			shellPath = /bin/sh;
			shellScript = "if [[ \"$(uname -m)\" == arm64 ]]; then\n    export PATH=\"/opt/homebrew/bin:$PATH\"\nfi\n\n# Remove read-only permissions temporarily\nchmod +w Market/Generated/XCAssets+Generated.swift\n\nif which swiftgen >/dev/null; then\n  swiftgen\nelse\n  echo \"warning: SwiftGen not installed, download it from https://github.com/SwiftGen/SwiftGen\"\nfi\n\n# Set read-only permissions\nchmod a-w Market/Generated/XCAssets+Generated.swift\n";
			showEnvVarsInLog = 0;
		};
/* End PBXShellScriptBuildPhase section */

/* Begin PBXSourcesBuildPhase section */
		2101AC4C2B9786D4009C6EBF /* Sources */ = {
			isa = PBXSourcesBuildPhase;
			buildActionMask = 2147483647;
			files = (
				2101ACC32B97AB52009C6EBF /* WishlistCoordinator.swift in Sources */,
				2101AC9C2B97A2CF009C6EBF /* UserState.swift in Sources */,
				2101ACC82B97ABE9009C6EBF /* CartController.swift in Sources */,
				2101ACAD2B97A755009C6EBF /* UserService.swift in Sources */,
				2101AC842B979C89009C6EBF /* LoginViewController.swift in Sources */,
				2101ACB42B97A977009C6EBF /* MainTabBarCoordinator.swift in Sources */,
				2101ACB92B97AA22009C6EBF /* HomeCoordinator.swift in Sources */,
				2101ACBB2B97AA33009C6EBF /* HomeViewController.swift in Sources */,
				2101ACB12B97A843009C6EBF /* CredentialsValidating.swift in Sources */,
				2101AC8E2B979D4C009C6EBF /* DefaultViewControllerFactory.swift in Sources */,
				219592892B98E19A003BB89C /* SignInButton.swift in Sources */,
				2101ACBE2B97AACE009C6EBF /* SearchCoordinator.swift in Sources */,
				2101AC972B97A026009C6EBF /* AppReducer.swift in Sources */,
				2101ACC02B97AAEC009C6EBF /* SearchViewController.swift in Sources */,
				2101AC7E2B979A30009C6EBF /* DependencyContainer.swift in Sources */,
				2101AC782B979914009C6EBF /* AppCoordinator.swift in Sources */,
				2101AC542B9786D4009C6EBF /* AppDelegate.swift in Sources */,
				2101ACCA2B97AC09009C6EBF /* CartViewController.swift in Sources */,
				2101ACA92B97A5AA009C6EBF /* UserErrors.swift in Sources */,
				2101AC762B9798E8009C6EBF /* Coordinator.swift in Sources */,
				2101ACB62B97A9D9009C6EBF /* TabBarPage.swift in Sources */,
				2101AC932B979F9E009C6EBF /* AppState.swift in Sources */,
				2101ACA12B97A4B2009C6EBF /* UserReducer.swift in Sources */,
				2101ACCD2B97AC33009C6EBF /* ProfileCoordinator.swift in Sources */,
				2101AC562B9786D4009C6EBF /* SceneDelegate.swift in Sources */,
				2101ACC52B97AB93009C6EBF /* WishlistViewController.swift in Sources */,
				2101AC912B979F0A009C6EBF /* Store.swift in Sources */,
				2101AC952B979FBF009C6EBF /* AppAction.swift in Sources */,
				2101AC702B978CB7009C6EBF /* XCAssets+Generated.swift in Sources */,
				219592872B98BB17003BB89C /* CredentialsTextField.swift in Sources */,
				2101ACCF2B97AC63009C6EBF /* ProfileViewController.swift in Sources */,
				2101ACA52B97A54C009C6EBF /* UserMiddleware.swift in Sources */,
				2101AC892B979CF0009C6EBF /* DefaultCoordinatorFactory.swift in Sources */,
				2101AC822B979BC2009C6EBF /* LoginCoordinator.swift in Sources */,
				2101ACAF2B97A78E009C6EBF /* DefaultUserService.swift in Sources */,
				2195928D2B98EBB8003BB89C /* TitleLabel.swift in Sources */,
				2101AC8C2B979D2B009C6EBF /* ViewControllerFactory.swift in Sources */,
				2101AC7C2B979A1C009C6EBF /* Injected.swift in Sources */,
				2101AC872B979CC5009C6EBF /* CoordinatorFactory.swift in Sources */,
				2101ACA32B97A4D5009C6EBF /* UserAction.swift in Sources */,
				219592912B990DA2003BB89C /* UIImage+systemImageWithColor.swift in Sources */,
				2195928F2B98F62B003BB89C /* EmailAndPasswordStackView.swift in Sources */,
				2195928B2B98EA0A003BB89C /* UIFont+systemFontWithDesign.swift in Sources */,
				2101AC9F2B97A2F6009C6EBF /* User.swift in Sources */,
			);
			runOnlyForDeploymentPostprocessing = 0;
		};
/* End PBXSourcesBuildPhase section */

/* Begin PBXVariantGroup section */
		2101AC5E2B9786D6009C6EBF /* LaunchScreen.storyboard */ = {
			isa = PBXVariantGroup;
			children = (
				2101AC5F2B9786D6009C6EBF /* Base */,
			);
			name = LaunchScreen.storyboard;
			sourceTree = "<group>";
		};
/* End PBXVariantGroup section */

/* Begin XCBuildConfiguration section */
		2101AC622B9786D6009C6EBF /* Debug */ = {
			isa = XCBuildConfiguration;
			buildSettings = {
				ALWAYS_SEARCH_USER_PATHS = NO;
				ASSETCATALOG_COMPILER_GENERATE_SWIFT_ASSET_SYMBOL_EXTENSIONS = YES;
				CLANG_ANALYZER_NONNULL = YES;
				CLANG_ANALYZER_NUMBER_OBJECT_CONVERSION = YES_AGGRESSIVE;
				CLANG_CXX_LANGUAGE_STANDARD = "gnu++20";
				CLANG_ENABLE_MODULES = YES;
				CLANG_ENABLE_OBJC_ARC = YES;
				CLANG_ENABLE_OBJC_WEAK = YES;
				CLANG_WARN_BLOCK_CAPTURE_AUTORELEASING = YES;
				CLANG_WARN_BOOL_CONVERSION = YES;
				CLANG_WARN_COMMA = YES;
				CLANG_WARN_CONSTANT_CONVERSION = YES;
				CLANG_WARN_DEPRECATED_OBJC_IMPLEMENTATIONS = YES;
				CLANG_WARN_DIRECT_OBJC_ISA_USAGE = YES_ERROR;
				CLANG_WARN_DOCUMENTATION_COMMENTS = YES;
				CLANG_WARN_EMPTY_BODY = YES;
				CLANG_WARN_ENUM_CONVERSION = YES;
				CLANG_WARN_INFINITE_RECURSION = YES;
				CLANG_WARN_INT_CONVERSION = YES;
				CLANG_WARN_NON_LITERAL_NULL_CONVERSION = YES;
				CLANG_WARN_OBJC_IMPLICIT_RETAIN_SELF = YES;
				CLANG_WARN_OBJC_LITERAL_CONVERSION = YES;
				CLANG_WARN_OBJC_ROOT_CLASS = YES_ERROR;
				CLANG_WARN_QUOTED_INCLUDE_IN_FRAMEWORK_HEADER = YES;
				CLANG_WARN_RANGE_LOOP_ANALYSIS = YES;
				CLANG_WARN_STRICT_PROTOTYPES = YES;
				CLANG_WARN_SUSPICIOUS_MOVE = YES;
				CLANG_WARN_UNGUARDED_AVAILABILITY = YES_AGGRESSIVE;
				CLANG_WARN_UNREACHABLE_CODE = YES;
				CLANG_WARN__DUPLICATE_METHOD_MATCH = YES;
				COPY_PHASE_STRIP = NO;
				DEBUG_INFORMATION_FORMAT = dwarf;
				ENABLE_STRICT_OBJC_MSGSEND = YES;
				ENABLE_TESTABILITY = YES;
				ENABLE_USER_SCRIPT_SANDBOXING = YES;
				GCC_C_LANGUAGE_STANDARD = gnu17;
				GCC_DYNAMIC_NO_PIC = NO;
				GCC_NO_COMMON_BLOCKS = YES;
				GCC_OPTIMIZATION_LEVEL = 0;
				GCC_PREPROCESSOR_DEFINITIONS = (
					"DEBUG=1",
					"$(inherited)",
				);
				GCC_WARN_64_TO_32_BIT_CONVERSION = YES;
				GCC_WARN_ABOUT_RETURN_TYPE = YES_ERROR;
				GCC_WARN_UNDECLARED_SELECTOR = YES;
				GCC_WARN_UNINITIALIZED_AUTOS = YES_AGGRESSIVE;
				GCC_WARN_UNUSED_FUNCTION = YES;
				GCC_WARN_UNUSED_VARIABLE = YES;
				IPHONEOS_DEPLOYMENT_TARGET = 17.0;
				LOCALIZATION_PREFERS_STRING_CATALOGS = YES;
				MTL_ENABLE_DEBUG_INFO = INCLUDE_SOURCE;
				MTL_FAST_MATH = YES;
				ONLY_ACTIVE_ARCH = YES;
				SDKROOT = iphoneos;
				SWIFT_ACTIVE_COMPILATION_CONDITIONS = "DEBUG $(inherited)";
				SWIFT_OPTIMIZATION_LEVEL = "-Onone";
			};
			name = Debug;
		};
		2101AC632B9786D6009C6EBF /* Release */ = {
			isa = XCBuildConfiguration;
			buildSettings = {
				ALWAYS_SEARCH_USER_PATHS = NO;
				ASSETCATALOG_COMPILER_GENERATE_SWIFT_ASSET_SYMBOL_EXTENSIONS = YES;
				CLANG_ANALYZER_NONNULL = YES;
				CLANG_ANALYZER_NUMBER_OBJECT_CONVERSION = YES_AGGRESSIVE;
				CLANG_CXX_LANGUAGE_STANDARD = "gnu++20";
				CLANG_ENABLE_MODULES = YES;
				CLANG_ENABLE_OBJC_ARC = YES;
				CLANG_ENABLE_OBJC_WEAK = YES;
				CLANG_WARN_BLOCK_CAPTURE_AUTORELEASING = YES;
				CLANG_WARN_BOOL_CONVERSION = YES;
				CLANG_WARN_COMMA = YES;
				CLANG_WARN_CONSTANT_CONVERSION = YES;
				CLANG_WARN_DEPRECATED_OBJC_IMPLEMENTATIONS = YES;
				CLANG_WARN_DIRECT_OBJC_ISA_USAGE = YES_ERROR;
				CLANG_WARN_DOCUMENTATION_COMMENTS = YES;
				CLANG_WARN_EMPTY_BODY = YES;
				CLANG_WARN_ENUM_CONVERSION = YES;
				CLANG_WARN_INFINITE_RECURSION = YES;
				CLANG_WARN_INT_CONVERSION = YES;
				CLANG_WARN_NON_LITERAL_NULL_CONVERSION = YES;
				CLANG_WARN_OBJC_IMPLICIT_RETAIN_SELF = YES;
				CLANG_WARN_OBJC_LITERAL_CONVERSION = YES;
				CLANG_WARN_OBJC_ROOT_CLASS = YES_ERROR;
				CLANG_WARN_QUOTED_INCLUDE_IN_FRAMEWORK_HEADER = YES;
				CLANG_WARN_RANGE_LOOP_ANALYSIS = YES;
				CLANG_WARN_STRICT_PROTOTYPES = YES;
				CLANG_WARN_SUSPICIOUS_MOVE = YES;
				CLANG_WARN_UNGUARDED_AVAILABILITY = YES_AGGRESSIVE;
				CLANG_WARN_UNREACHABLE_CODE = YES;
				CLANG_WARN__DUPLICATE_METHOD_MATCH = YES;
				COPY_PHASE_STRIP = NO;
				DEBUG_INFORMATION_FORMAT = "dwarf-with-dsym";
				ENABLE_NS_ASSERTIONS = NO;
				ENABLE_STRICT_OBJC_MSGSEND = YES;
				ENABLE_USER_SCRIPT_SANDBOXING = YES;
				GCC_C_LANGUAGE_STANDARD = gnu17;
				GCC_NO_COMMON_BLOCKS = YES;
				GCC_WARN_64_TO_32_BIT_CONVERSION = YES;
				GCC_WARN_ABOUT_RETURN_TYPE = YES_ERROR;
				GCC_WARN_UNDECLARED_SELECTOR = YES;
				GCC_WARN_UNINITIALIZED_AUTOS = YES_AGGRESSIVE;
				GCC_WARN_UNUSED_FUNCTION = YES;
				GCC_WARN_UNUSED_VARIABLE = YES;
				IPHONEOS_DEPLOYMENT_TARGET = 17.0;
				LOCALIZATION_PREFERS_STRING_CATALOGS = YES;
				MTL_ENABLE_DEBUG_INFO = NO;
				MTL_FAST_MATH = YES;
				SDKROOT = iphoneos;
				SWIFT_COMPILATION_MODE = wholemodule;
				VALIDATE_PRODUCT = YES;
			};
			name = Release;
		};
		2101AC652B9786D6009C6EBF /* Debug */ = {
			isa = XCBuildConfiguration;
			buildSettings = {
				ASSETCATALOG_COMPILER_APPICON_NAME = AppIcon;
				ASSETCATALOG_COMPILER_GLOBAL_ACCENT_COLOR_NAME = AccentColor;
				CODE_SIGN_STYLE = Automatic;
				CURRENT_PROJECT_VERSION = 1;
				ENABLE_USER_SCRIPT_SANDBOXING = NO;
				GENERATE_INFOPLIST_FILE = YES;
				INFOPLIST_FILE = Market/SupportingFiles/Info.plist;
				INFOPLIST_KEY_UIApplicationSupportsIndirectInputEvents = YES;
				INFOPLIST_KEY_UILaunchStoryboardName = LaunchScreen;
				INFOPLIST_KEY_UIStatusBarStyle = "";
				INFOPLIST_KEY_UISupportedInterfaceOrientations = UIInterfaceOrientationPortrait;
				INFOPLIST_KEY_UISupportedInterfaceOrientations_iPad = "UIInterfaceOrientationPortrait UIInterfaceOrientationPortraitUpsideDown";
				IPHONEOS_DEPLOYMENT_TARGET = 17.0;
				LD_RUNPATH_SEARCH_PATHS = (
					"$(inherited)",
					"@executable_path/Frameworks",
				);
				MARKETING_VERSION = 1.0;
				PRODUCT_BUNDLE_IDENTIFIER = com.vlad.Market;
				PRODUCT_NAME = "$(TARGET_NAME)";
				SWIFT_EMIT_LOC_STRINGS = YES;
				SWIFT_STRICT_CONCURRENCY = complete;
				SWIFT_VERSION = 5.0;
				TARGETED_DEVICE_FAMILY = "1,2";
			};
			name = Debug;
		};
		2101AC662B9786D6009C6EBF /* Release */ = {
			isa = XCBuildConfiguration;
			buildSettings = {
				ASSETCATALOG_COMPILER_APPICON_NAME = AppIcon;
				ASSETCATALOG_COMPILER_GLOBAL_ACCENT_COLOR_NAME = AccentColor;
				CODE_SIGN_STYLE = Automatic;
				CURRENT_PROJECT_VERSION = 1;
				ENABLE_USER_SCRIPT_SANDBOXING = NO;
				GENERATE_INFOPLIST_FILE = YES;
				INFOPLIST_FILE = Market/SupportingFiles/Info.plist;
				INFOPLIST_KEY_UIApplicationSupportsIndirectInputEvents = YES;
				INFOPLIST_KEY_UILaunchStoryboardName = LaunchScreen;
				INFOPLIST_KEY_UIStatusBarStyle = "";
				INFOPLIST_KEY_UISupportedInterfaceOrientations = UIInterfaceOrientationPortrait;
				INFOPLIST_KEY_UISupportedInterfaceOrientations_iPad = "UIInterfaceOrientationPortrait UIInterfaceOrientationPortraitUpsideDown";
				IPHONEOS_DEPLOYMENT_TARGET = 17.0;
				LD_RUNPATH_SEARCH_PATHS = (
					"$(inherited)",
					"@executable_path/Frameworks",
				);
				MARKETING_VERSION = 1.0;
				PRODUCT_BUNDLE_IDENTIFIER = com.vlad.Market;
				PRODUCT_NAME = "$(TARGET_NAME)";
				SWIFT_EMIT_LOC_STRINGS = YES;
				SWIFT_STRICT_CONCURRENCY = complete;
				SWIFT_VERSION = 5.0;
				TARGETED_DEVICE_FAMILY = "1,2";
			};
			name = Release;
		};
/* End XCBuildConfiguration section */

/* Begin XCConfigurationList section */
		2101AC4B2B9786D4009C6EBF /* Build configuration list for PBXProject "Market" */ = {
			isa = XCConfigurationList;
			buildConfigurations = (
				2101AC622B9786D6009C6EBF /* Debug */,
				2101AC632B9786D6009C6EBF /* Release */,
			);
			defaultConfigurationIsVisible = 0;
			defaultConfigurationName = Release;
		};
		2101AC642B9786D6009C6EBF /* Build configuration list for PBXNativeTarget "Market" */ = {
			isa = XCConfigurationList;
			buildConfigurations = (
				2101AC652B9786D6009C6EBF /* Debug */,
				2101AC662B9786D6009C6EBF /* Release */,
			);
			defaultConfigurationIsVisible = 0;
			defaultConfigurationName = Release;
		};
/* End XCConfigurationList section */
	};
	rootObject = 2101AC482B9786D4009C6EBF /* Project object */;
}
